
Microsoft Visual Studio Solution File, Format Version 12.00
# Visual Studio Version 16
VisualStudioVersion = 16.0.28315.86
MinimumVisualStudioVersion = 10.0.40219.1
Project("{2150E333-8FDC-42A3-9474-1A3956D46DE8}") = "Plugins", "Plugins", "{4C71924C-0C84-4F4E-8E1A-87A8A6C1183E}"
EndProject
Project("{2150E333-8FDC-42A3-9474-1A3956D46DE8}") = "Solution Items", "Solution Items", "{2F8DADC0-12E5-4FCF-88C0-9DA546B06CB7}"
	ProjectSection(SolutionItems) = preProject
		.gitattributes = .gitattributes
		.gitignore = .gitignore
		.gitmodules = .gitmodules
		LICENSE = LICENSE
		nuget.config = nuget.config
		README.md = README.md
	EndProjectSection
EndProject
Project("{9A19103F-16F7-4668-BE54-9A1E7A4F7556}") = "Bit0.CrunchLog", "src\Bit0.CrunchLog\Bit0.CrunchLog.csproj", "{3D421BB3-DAEA-4DDA-AF2F-931AFC915189}"
EndProject
Project("{9A19103F-16F7-4668-BE54-9A1E7A4F7556}") = "Bit0.CrunchLog.Cli", "src\Bit0.CrunchLog.Cli\Bit0.CrunchLog.Cli.csproj", "{80598995-96DD-4E06-904E-931B2F841CD7}"
EndProject
Project("{9A19103F-16F7-4668-BE54-9A1E7A4F7556}") = "Bit0.CrunchLog.Sdk", "src\Bit0.CrunchLog.Sdk\Bit0.CrunchLog.Sdk.csproj", "{6E317935-B8B7-4B81-ACDC-E67575BD9884}"
EndProject
Project("{2150E333-8FDC-42A3-9474-1A3956D46DE8}") = "Sources", "Sources", "{E430405D-9682-4FA8-B364-5502C3A849EB}"
EndProject
Project("{9A19103F-16F7-4668-BE54-9A1E7A4F7556}") = "Bit0.CrunchLog.Plugins.ScribanEngine", "Plugins\Bit0.CrunchLog.Plugins.ScribanEngine\Bit0.CrunchLog.Plugins.ScribanEngine.csproj", "{03AAB532-936A-4FF6-8762-B758F90389B7}"
EndProject
Global
	GlobalSection(SolutionConfigurationPlatforms) = preSolution
		Debug|Any CPU = Debug|Any CPU
		Release|Any CPU = Release|Any CPU
	EndGlobalSection
	GlobalSection(ProjectConfigurationPlatforms) = postSolution
		{3D421BB3-DAEA-4DDA-AF2F-931AFC915189}.Debug|Any CPU.ActiveCfg = Debug|Any CPU
		{3D421BB3-DAEA-4DDA-AF2F-931AFC915189}.Debug|Any CPU.Build.0 = Debug|Any CPU
		{3D421BB3-DAEA-4DDA-AF2F-931AFC915189}.Release|Any CPU.ActiveCfg = Release|Any CPU
		{3D421BB3-DAEA-4DDA-AF2F-931AFC915189}.Release|Any CPU.Build.0 = Release|Any CPU
		{80598995-96DD-4E06-904E-931B2F841CD7}.Debug|Any CPU.ActiveCfg = Debug|Any CPU
		{80598995-96DD-4E06-904E-931B2F841CD7}.Debug|Any CPU.Build.0 = Debug|Any CPU
		{80598995-96DD-4E06-904E-931B2F841CD7}.Release|Any CPU.ActiveCfg = Release|Any CPU
		{80598995-96DD-4E06-904E-931B2F841CD7}.Release|Any CPU.Build.0 = Release|Any CPU
		{6E317935-B8B7-4B81-ACDC-E67575BD9884}.Debug|Any CPU.ActiveCfg = Debug|Any CPU
		{6E317935-B8B7-4B81-ACDC-E67575BD9884}.Debug|Any CPU.Build.0 = Debug|Any CPU
		{6E317935-B8B7-4B81-ACDC-E67575BD9884}.Release|Any CPU.ActiveCfg = Release|Any CPU
		{6E317935-B8B7-4B81-ACDC-E67575BD9884}.Release|Any CPU.Build.0 = Release|Any CPU
		{03AAB532-936A-4FF6-8762-B758F90389B7}.Debug|Any CPU.ActiveCfg = Debug|Any CPU
		{03AAB532-936A-4FF6-8762-B758F90389B7}.Debug|Any CPU.Build.0 = Debug|Any CPU
		{03AAB532-936A-4FF6-8762-B758F90389B7}.Release|Any CPU.ActiveCfg = Release|Any CPU
		{03AAB532-936A-4FF6-8762-B758F90389B7}.Release|Any CPU.Build.0 = Release|Any CPU
	EndGlobalSection
	GlobalSection(SolutionProperties) = preSolution
		HideSolutionNode = FALSE
	EndGlobalSection
	GlobalSection(NestedProjects) = preSolution
		{3D421BB3-DAEA-4DDA-AF2F-931AFC915189} = {E430405D-9682-4FA8-B364-5502C3A849EB}
		{80598995-96DD-4E06-904E-931B2F841CD7} = {E430405D-9682-4FA8-B364-5502C3A849EB}
		{6E317935-B8B7-4B81-ACDC-E67575BD9884} = {E430405D-9682-4FA8-B364-5502C3A849EB}
		{03AAB532-936A-4FF6-8762-B758F90389B7} = {4C71924C-0C84-4F4E-8E1A-87A8A6C1183E}
	EndGlobalSection
	GlobalSection(ExtensibilityGlobals) = postSolution
		SolutionGuid = {C6A93B61-8535-4C5D-89B9-368D45AED5BB}
	EndGlobalSection
EndGlobal
